
Microsoft Visual Studio Solution File, Format Version 12.00
# Visual Studio 15
VisualStudioVersion = 15.0.26430.16
MinimumVisualStudioVersion = 10.0.40219.1
Project("{FAE04EC0-301F-11D3-BF4B-00C04F79EFBC}") = "DemoApp.Android", "DemoApp\DemoApp.Android\DemoApp.Android.csproj", "{67414573-B35D-43CC-A261-9EEA20EAF0DB}"
EndProject
Project("{FAE04EC0-301F-11D3-BF4B-00C04F79EFBC}") = "DemoApp", "DemoApp\DemoApp\DemoApp.csproj", "{D580D225-3B51-481F-A11A-B01DB91C5C34}"
EndProject
Project("{FAE04EC0-301F-11D3-BF4B-00C04F79EFBC}") = "DemoApp.iOS", "DemoApp\DemoApp.iOS\DemoApp.iOS.csproj", "{230C2B14-E419-4D06-A966-62D4C1130C5C}"
EndProject
Global
	GlobalSection(SolutionConfigurationPlatforms) = preSolution
		Ad-Hoc|Any CPU = Ad-Hoc|Any CPU
		Ad-Hoc|iPhone = Ad-Hoc|iPhone
		Ad-Hoc|iPhoneSimulator = Ad-Hoc|iPhoneSimulator
		AppStore|Any CPU = AppStore|Any CPU
		AppStore|iPhone = AppStore|iPhone
		AppStore|iPhoneSimulator = AppStore|iPhoneSimulator
		Debug|Any CPU = Debug|Any CPU
		Debug|iPhone = Debug|iPhone
		Debug|iPhoneSimulator = Debug|iPhoneSimulator
		Release|Any CPU = Release|Any CPU
		Release|iPhone = Release|iPhone
		Release|iPhoneSimulator = Release|iPhoneSimulator
	EndGlobalSection
	GlobalSection(ProjectConfigurationPlatforms) = postSolution
		{67414573-B35D-43CC-A261-9EEA20EAF0DB}.Ad-Hoc|Any CPU.ActiveCfg = Release|Any CPU
		{67414573-B35D-43CC-A261-9EEA20EAF0DB}.Ad-Hoc|Any CPU.Build.0 = Release|Any CPU
		{67414573-B35D-43CC-A261-9EEA20EAF0DB}.Ad-Hoc|Any CPU.Deploy.0 = Release|Any CPU
		{67414573-B35D-43CC-A261-9EEA20EAF0DB}.Ad-Hoc|iPhone.ActiveCfg = Release|Any CPU
		{67414573-B35D-43CC-A261-9EEA20EAF0DB}.Ad-Hoc|iPhone.Build.0 = Release|Any CPU
		{67414573-B35D-43CC-A261-9EEA20EAF0DB}.Ad-Hoc|iPhone.Deploy.0 = Release|Any CPU
		{67414573-B35D-43CC-A261-9EEA20EAF0DB}.Ad-Hoc|iPhoneSimulator.ActiveCfg = Release|Any CPU
		{67414573-B35D-43CC-A261-9EEA20EAF0DB}.Ad-Hoc|iPhoneSimulator.Build.0 = Release|Any CPU
		{67414573-B35D-43CC-A261-9EEA20EAF0DB}.Ad-Hoc|iPhoneSimulator.Deploy.0 = Release|Any CPU
		{67414573-B35D-43CC-A261-9EEA20EAF0DB}.AppStore|Any CPU.ActiveCfg = Release|Any CPU
		{67414573-B35D-43CC-A261-9EEA20EAF0DB}.AppStore|Any CPU.Build.0 = Release|Any CPU
		{67414573-B35D-43CC-A261-9EEA20EAF0DB}.AppStore|Any CPU.Deploy.0 = Release|Any CPU
		{67414573-B35D-43CC-A261-9EEA20EAF0DB}.AppStore|iPhone.ActiveCfg = Release|Any CPU
		{67414573-B35D-43CC-A261-9EEA20EAF0DB}.AppStore|iPhone.Build.0 = Release|Any CPU
		{67414573-B35D-43CC-A261-9EEA20EAF0DB}.AppStore|iPhone.Deploy.0 = Release|Any CPU
		{67414573-B35D-43CC-A261-9EEA20EAF0DB}.AppStore|iPhoneSimulator.ActiveCfg = Release|Any CPU
		{67414573-B35D-43CC-A261-9EEA20EAF0DB}.AppStore|iPhoneSimulator.Build.0 = Release|Any CPU
		{67414573-B35D-43CC-A261-9EEA20EAF0DB}.AppStore|iPhoneSimulator.Deploy.0 = Release|Any CPU
		{67414573-B35D-43CC-A261-9EEA20EAF0DB}.Debug|Any CPU.ActiveCfg = Debug|Any CPU
		{67414573-B35D-43CC-A261-9EEA20EAF0DB}.Debug|Any CPU.Build.0 = Debug|Any CPU
		{67414573-B35D-43CC-A261-9EEA20EAF0DB}.Debug|Any CPU.Deploy.0 = Debug|Any CPU
		{67414573-B35D-43CC-A261-9EEA20EAF0DB}.Debug|iPhone.ActiveCfg = Debug|Any CPU
		{67414573-B35D-43CC-A261-9EEA20EAF0DB}.Debug|iPhone.Build.0 = Debug|Any CPU
		{67414573-B35D-43CC-A261-9EEA20EAF0DB}.Debug|iPhone.Deploy.0 = Debug|Any CPU
		{67414573-B35D-43CC-A261-9EEA20EAF0DB}.Debug|iPhoneSimulator.ActiveCfg = Debug|Any CPU
		{67414573-B35D-43CC-A261-9EEA20EAF0DB}.Debug|iPhoneSimulator.Build.0 = Debug|Any CPU
		{67414573-B35D-43CC-A261-9EEA20EAF0DB}.Debug|iPhoneSimulator.Deploy.0 = Debug|Any CPU
		{67414573-B35D-43CC-A261-9EEA20EAF0DB}.Release|Any CPU.ActiveCfg = Release|Any CPU
		{67414573-B35D-43CC-A261-9EEA20EAF0DB}.Release|Any CPU.Build.0 = Release|Any CPU
		{67414573-B35D-43CC-A261-9EEA20EAF0DB}.Release|Any CPU.Deploy.0 = Release|Any CPU
		{67414573-B35D-43CC-A261-9EEA20EAF0DB}.Release|iPhone.ActiveCfg = Release|Any CPU
		{67414573-B35D-43CC-A261-9EEA20EAF0DB}.Release|iPhone.Build.0 = Release|Any CPU
		{67414573-B35D-43CC-A261-9EEA20EAF0DB}.Release|iPhone.Deploy.0 = Release|Any CPU
		{67414573-B35D-43CC-A261-9EEA20EAF0DB}.Release|iPhoneSimulator.ActiveCfg = Release|Any CPU
		{67414573-B35D-43CC-A261-9EEA20EAF0DB}.Release|iPhoneSimulator.Build.0 = Release|Any CPU
		{67414573-B35D-43CC-A261-9EEA20EAF0DB}.Release|iPhoneSimulator.Deploy.0 = Release|Any CPU
		{D580D225-3B51-481F-A11A-B01DB91C5C34}.Ad-Hoc|Any CPU.ActiveCfg = Release|Any CPU
		{D580D225-3B51-481F-A11A-B01DB91C5C34}.Ad-Hoc|Any CPU.Build.0 = Release|Any CPU
		{D580D225-3B51-481F-A11A-B01DB91C5C34}.Ad-Hoc|iPhone.ActiveCfg = Release|Any CPU
		{D580D225-3B51-481F-A11A-B01DB91C5C34}.Ad-Hoc|iPhone.Build.0 = Release|Any CPU
		{D580D225-3B51-481F-A11A-B01DB91C5C34}.Ad-Hoc|iPhoneSimulator.ActiveCfg = Release|Any CPU
		{D580D225-3B51-481F-A11A-B01DB91C5C34}.Ad-Hoc|iPhoneSimulator.Build.0 = Release|Any CPU
		{D580D225-3B51-481F-A11A-B01DB91C5C34}.AppStore|Any CPU.ActiveCfg = Release|Any CPU
		{D580D225-3B51-481F-A11A-B01DB91C5C34}.AppStore|Any CPU.Build.0 = Release|Any CPU
		{D580D225-3B51-481F-A11A-B01DB91C5C34}.AppStore|iPhone.ActiveCfg = Release|Any CPU
		{D580D225-3B51-481F-A11A-B01DB91C5C34}.AppStore|iPhone.Build.0 = Release|Any CPU
		{D580D225-3B51-481F-A11A-B01DB91C5C34}.AppStore|iPhoneSimulator.ActiveCfg = Release|Any CPU
		{D580D225-3B51-481F-A11A-B01DB91C5C34}.AppStore|iPhoneSimulator.Build.0 = Release|Any CPU
		{D580D225-3B51-481F-A11A-B01DB91C5C34}.Debug|Any CPU.ActiveCfg = Debug|Any CPU
		{D580D225-3B51-481F-A11A-B01DB91C5C34}.Debug|Any CPU.Build.0 = Debug|Any CPU
		{D580D225-3B51-481F-A11A-B01DB91C5C34}.Debug|iPhone.ActiveCfg = Debug|Any CPU
		{D580D225-3B51-481F-A11A-B01DB91C5C34}.Debug|iPhone.Build.0 = Debug|Any CPU
		{D580D225-3B51-481F-A11A-B01DB91C5C34}.Debug|iPhoneSimulator.ActiveCfg = Debug|Any CPU
		{D580D225-3B51-481F-A11A-B01DB91C5C34}.Debug|iPhoneSimulator.Build.0 = Debug|Any CPU
		{D580D225-3B51-481F-A11A-B01DB91C5C34}.Release|Any CPU.ActiveCfg = Release|Any CPU
		{D580D225-3B51-481F-A11A-B01DB91C5C34}.Release|Any CPU.Build.0 = Release|Any CPU
		{D580D225-3B51-481F-A11A-B01DB91C5C34}.Release|iPhone.ActiveCfg = Release|Any CPU
		{D580D225-3B51-481F-A11A-B01DB91C5C34}.Release|iPhone.Build.0 = Release|Any CPU
		{D580D225-3B51-481F-A11A-B01DB91C5C34}.Release|iPhoneSimulator.ActiveCfg = Release|Any CPU
		{D580D225-3B51-481F-A11A-B01DB91C5C34}.Release|iPhoneSimulator.Build.0 = Release|Any CPU
		{230C2B14-E419-4D06-A966-62D4C1130C5C}.Ad-Hoc|Any CPU.ActiveCfg = Ad-Hoc|iPhone
		{230C2B14-E419-4D06-A966-62D4C1130C5C}.Ad-Hoc|iPhone.ActiveCfg = Ad-Hoc|iPhone
		{230C2B14-E419-4D06-A966-62D4C1130C5C}.Ad-Hoc|iPhone.Build.0 = Ad-Hoc|iPhone
		{230C2B14-E419-4D06-A966-62D4C1130C5C}.Ad-Hoc|iPhoneSimulator.ActiveCfg = Ad-Hoc|iPhoneSimulator
		{230C2B14-E419-4D06-A966-62D4C1130C5C}.Ad-Hoc|iPhoneSimulator.Build.0 = Ad-Hoc|iPhoneSimulator
		{230C2B14-E419-4D06-A966-62D4C1130C5C}.AppStore|Any CPU.ActiveCfg = AppStore|iPhone
		{230C2B14-E419-4D06-A966-62D4C1130C5C}.AppStore|iPhone.ActiveCfg = AppStore|iPhone
		{230C2B14-E419-4D06-A966-62D4C1130C5C}.AppStore|iPhone.Build.0 = AppStore|iPhone
		{230C2B14-E419-4D06-A966-62D4C1130C5C}.AppStore|iPhoneSimulator.ActiveCfg = AppStore|iPhoneSimulator
		{230C2B14-E419-4D06-A966-62D4C1130C5C}.AppStore|iPhoneSimulator.Build.0 = AppStore|iPhoneSimulator
		{230C2B14-E419-4D06-A966-62D4C1130C5C}.Debug|Any CPU.ActiveCfg = Debug|iPhone
		{230C2B14-E419-4D06-A966-62D4C1130C5C}.Debug|iPhone.ActiveCfg = Debug|iPhone
		{230C2B14-E419-4D06-A966-62D4C1130C5C}.Debug|iPhone.Build.0 = Debug|iPhone
		{230C2B14-E419-4D06-A966-62D4C1130C5C}.Debug|iPhoneSimulator.ActiveCfg = Debug|iPhoneSimulator
		{230C2B14-E419-4D06-A966-62D4C1130C5C}.Debug|iPhoneSimulator.Build.0 = Debug|iPhoneSimulator
		{230C2B14-E419-4D06-A966-62D4C1130C5C}.Release|Any CPU.ActiveCfg = Release|iPhone
		{230C2B14-E419-4D06-A966-62D4C1130C5C}.Release|iPhone.ActiveCfg = Release|iPhone
		{230C2B14-E419-4D06-A966-62D4C1130C5C}.Release|iPhone.Build.0 = Release|iPhone
		{230C2B14-E419-4D06-A966-62D4C1130C5C}.Release|iPhoneSimulator.ActiveCfg = Release|iPhoneSimulator
		{230C2B14-E419-4D06-A966-62D4C1130C5C}.Release|iPhoneSimulator.Build.0 = Release|iPhoneSimulator
	EndGlobalSection
	GlobalSection(SolutionProperties) = preSolution
		HideSolutionNode = FALSE
	EndGlobalSection
EndGlobal
